// !$*UTF8*$!
{
	archiveVersion = 1;
	classes = {
	};
	objectVersion = 50;
	objects = {

/* Begin PBXBuildFile section */
		C02E1C84243317FE009E95BE /* AppDelegate.swift in Sources */ = {isa = PBXBuildFile; fileRef = C02E1C83243317FE009E95BE /* AppDelegate.swift */; };
		C02E1C86243317FE009E95BE /* SceneDelegate.swift in Sources */ = {isa = PBXBuildFile; fileRef = C02E1C85243317FE009E95BE /* SceneDelegate.swift */; };
		C02E1C88243317FE009E95BE /* ViewController.swift in Sources */ = {isa = PBXBuildFile; fileRef = C02E1C87243317FE009E95BE /* ViewController.swift */; };
		C02E1C8B243317FE009E95BE /* Main.storyboard in Resources */ = {isa = PBXBuildFile; fileRef = C02E1C89243317FE009E95BE /* Main.storyboard */; };
		C02E1C8D24331806009E95BE /* Assets.xcassets in Resources */ = {isa = PBXBuildFile; fileRef = C02E1C8C24331806009E95BE /* Assets.xcassets */; };
		C02E1C9024331806009E95BE /* LaunchScreen.storyboard in Resources */ = {isa = PBXBuildFile; fileRef = C02E1C8E24331806009E95BE /* LaunchScreen.storyboard */; };
		C02E1CC224331945009E95BE /* GifExtension.swift in Sources */ = {isa = PBXBuildFile; fileRef = C02E1CC124331945009E95BE /* GifExtension.swift */; };
		C02E1CC424331B78009E95BE /* GifCell.swift in Sources */ = {isa = PBXBuildFile; fileRef = C02E1CC324331B78009E95BE /* GifCell.swift */; };
		C0DAF1B8243406CC0085E075 /* GifNetwork.swift in Sources */ = {isa = PBXBuildFile; fileRef = C0DAF1B7243406CC0085E075 /* GifNetwork.swift */; };
/* End PBXBuildFile section */

/* Begin PBXFileReference section */
		C02E1C80243317FE009E95BE /* GiphySearchIOS.app */ = {isa = PBXFileReference; explicitFileType = wrapper.application; includeInIndex = 0; path = GiphySearchIOS.app; sourceTree = BUILT_PRODUCTS_DIR; };
		C02E1C83243317FE009E95BE /* AppDelegate.swift */ = {isa = PBXFileReference; lastKnownFileType = sourcecode.swift; path = AppDelegate.swift; sourceTree = "<group>"; };
		C02E1C85243317FE009E95BE /* SceneDelegate.swift */ = {isa = PBXFileReference; lastKnownFileType = sourcecode.swift; path = SceneDelegate.swift; sourceTree = "<group>"; };
		C02E1C87243317FE009E95BE /* ViewController.swift */ = {isa = PBXFileReference; lastKnownFileType = sourcecode.swift; path = ViewController.swift; sourceTree = "<group>"; };
		C02E1C8A243317FE009E95BE /* Base */ = {isa = PBXFileReference; lastKnownFileType = file.storyboard; name = Base; path = Base.lproj/Main.storyboard; sourceTree = "<group>"; };
		C02E1C8C24331806009E95BE /* Assets.xcassets */ = {isa = PBXFileReference; lastKnownFileType = folder.assetcatalog; path = Assets.xcassets; sourceTree = "<group>"; };
		C02E1C8F24331806009E95BE /* Base */ = {isa = PBXFileReference; lastKnownFileType = file.storyboard; name = Base; path = Base.lproj/LaunchScreen.storyboard; sourceTree = "<group>"; };
		C02E1C9124331806009E95BE /* Info.plist */ = {isa = PBXFileReference; lastKnownFileType = text.plist.xml; path = Info.plist; sourceTree = "<group>"; };
		C02E1CC124331945009E95BE /* GifExtension.swift */ = {isa = PBXFileReference; fileEncoding = 4; lastKnownFileType = sourcecode.swift; path = GifExtension.swift; sourceTree = "<group>"; };
		C02E1CC324331B78009E95BE /* GifCell.swift */ = {isa = PBXFileReference; lastKnownFileType = sourcecode.swift; path = GifCell.swift; sourceTree = "<group>"; };
		C0DAF1B7243406CC0085E075 /* GifNetwork.swift */ = {isa = PBXFileReference; lastKnownFileType = sourcecode.swift; path = GifNetwork.swift; sourceTree = "<group>"; };
/* End PBXFileReference section */

/* Begin PBXFrameworksBuildPhase section */
		C02E1C7D243317FE009E95BE /* Frameworks */ = {
			isa = PBXFrameworksBuildPhase;
			buildActionMask = 2147483647;
			files = (
			);
			runOnlyForDeploymentPostprocessing = 0;
		};
/* End PBXFrameworksBuildPhase section */

/* Begin PBXGroup section */
		C02E1C77243317FE009E95BE = {
			isa = PBXGroup;
			children = (
				C02E1C82243317FE009E95BE /* GiphySearchIOS */,
				C02E1C81243317FE009E95BE /* Products */,
			);
			sourceTree = "<group>";
		};
		C02E1C81243317FE009E95BE /* Products */ = {
			isa = PBXGroup;
			children = (
				C02E1C80243317FE009E95BE /* GiphySearchIOS.app */,
			);
			name = Products;
			sourceTree = "<group>";
		};
		C02E1C82243317FE009E95BE /* GiphySearchIOS */ = {
			isa = PBXGroup;
			children = (
				C02E1C83243317FE009E95BE /* AppDelegate.swift */,
				C02E1C85243317FE009E95BE /* SceneDelegate.swift */,
				C02E1C87243317FE009E95BE /* ViewController.swift */,
				C02E1CC324331B78009E95BE /* GifCell.swift */,
				C02E1C89243317FE009E95BE /* Main.storyboard */,
				C02E1C8C24331806009E95BE /* Assets.xcassets */,
				C02E1C8E24331806009E95BE /* LaunchScreen.storyboard */,
				C02E1C9124331806009E95BE /* Info.plist */,
				C02E1CC124331945009E95BE /* GifExtension.swift */,
				C0DAF1B7243406CC0085E075 /* GifNetwork.swift */,
			);
			path = GiphySearchIOS;
			sourceTree = "<group>";
		};
/* End PBXGroup section */

/* Begin PBXNativeTarget section */
		C02E1C7F243317FE009E95BE /* GiphySearchIOS */ = {
			isa = PBXNativeTarget;
			buildConfigurationList = C02E1C9424331806009E95BE /* Build configuration list for PBXNativeTarget "GiphySearchIOS" */;
			buildPhases = (
				C02E1C7C243317FE009E95BE /* Sources */,
				C02E1C7D243317FE009E95BE /* Frameworks */,
				C02E1C7E243317FE009E95BE /* Resources */,
			);
			buildRules = (
			);
			dependencies = (
			);
			name = GiphySearchIOS;
			productName = GiphySearchIOS;
			productReference = C02E1C80243317FE009E95BE /* GiphySearchIOS.app */;
			productType = "com.apple.product-type.application";
		};
/* End PBXNativeTarget section */

/* Begin PBXProject section */
		C02E1C78243317FE009E95BE /* Project object */ = {
			isa = PBXProject;
			attributes = {
				LastSwiftUpdateCheck = 1130;
				LastUpgradeCheck = 1130;
				ORGANIZATIONNAME = "Jessica Trinh";
				TargetAttributes = {
					C02E1C7F243317FE009E95BE = {
						CreatedOnToolsVersion = 11.3.1;
					};
				};
			};
			buildConfigurationList = C02E1C7B243317FE009E95BE /* Build configuration list for PBXProject "GiphySearchIOS" */;
			compatibilityVersion = "Xcode 9.3";
			developmentRegion = en;
			hasScannedForEncodings = 0;
			knownRegions = (
				en,
				Base,
			);
			mainGroup = C02E1C77243317FE009E95BE;
			productRefGroup = C02E1C81243317FE009E95BE /* Products */;
			projectDirPath = "";
			projectRoot = "";
			targets = (
				C02E1C7F243317FE009E95BE /* GiphySearchIOS */,
			);
		};
/* End PBXProject section */

/* Begin PBXResourcesBuildPhase section */
		C02E1C7E243317FE009E95BE /* Resources */ = {
			isa = PBXResourcesBuildPhase;
			buildActionMask = 2147483647;
			files = (
				C02E1C9024331806009E95BE /* LaunchScreen.storyboard in Resources */,
				C02E1C8D24331806009E95BE /* Assets.xcassets in Resources */,
				C02E1C8B243317FE009E95BE /* Main.storyboard in Resources */,
			);
			runOnlyForDeploymentPostprocessing = 0;
		};
/* End PBXResourcesBuildPhase section */

/* Begin PBXSourcesBuildPhase section */
		C02E1C7C243317FE009E95BE /* Sources */ = {
			isa = PBXSourcesBuildPhase;
			buildActionMask = 2147483647;
			files = (
				C02E1CC224331945009E95BE /* GifExtension.swift in Sources */,
				C02E1C88243317FE009E95BE /* ViewController.swift in Sources */,
				C02E1CC424331B78009E95BE /* GifCell.swift in Sources */,
				C02E1C84243317FE009E95BE /* AppDelegate.swift in Sources */,
				C02E1C86243317FE009E95BE /* SceneDelegate.swift in Sources */,
				C0DAF1B8243406CC0085E075 /* GifNetwork.swift in Sources */,
			);
			runOnlyForDeploymentPostprocessing = 0;
		};
/* End PBXSourcesBuildPhase section */

/* Begin PBXVariantGroup section */
		C02E1C89243317FE009E95BE /* Main.storyboard */ = {
			isa = PBXVariantGroup;
			children = (
				C02E1C8A243317FE009E95BE /* Base */,
			);
			name = Main.storyboard;
			sourceTree = "<group>";
		};
		C02E1C8E24331806009E95BE /* LaunchScreen.storyboard */ = {
			isa = PBXVariantGroup;
			children = (
				C02E1C8F24331806009E95BE /* Base */,
			);
			name = LaunchScreen.storyboard;
			sourceTree = "<group>";
		};
/* End PBXVariantGroup section */

/* Begin XCBuildConfiguration section */
		C02E1C9224331806009E95BE /* Debug */ = {
			isa = XCBuildConfiguration;
			buildSettings = {
				ALWAYS_SEARCH_USER_PATHS = NO;
				CLANG_ANALYZER_NONNULL = YES;
				CLANG_ANALYZER_NUMBER_OBJECT_CONVERSION = YES_AGGRESSIVE;
				CLANG_CXX_LANGUAGE_STANDARD = "gnu++14";
				CLANG_CXX_LIBRARY = "libc++";
				CLANG_ENABLE_MODULES = YES;
				CLANG_ENABLE_OBJC_ARC = YES;
				CLANG_ENABLE_OBJC_WEAK = YES;
				CLANG_WARN_BLOCK_CAPTURE_AUTORELEASING = YES;
				CLANG_WARN_BOOL_CONVERSION = YES;
				CLANG_WARN_COMMA = YES;
				CLANG_WARN_CONSTANT_CONVERSION = YES;
				CLANG_WARN_DEPRECATED_OBJC_IMPLEMENTATIONS = YES;
				CLANG_WARN_DIRECT_OBJC_ISA_USAGE = YES_ERROR;
				CLANG_WARN_DOCUMENTATION_COMMENTS = YES;
				CLANG_WARN_EMPTY_BODY = YES;
				CLANG_WARN_ENUM_CONVERSION = YES;
				CLANG_WARN_INFINITE_RECURSION = YES;
				CLANG_WARN_INT_CONVERSION = YES;
				CLANG_WARN_NON_LITERAL_NULL_CONVERSION = YES;
				CLANG_WARN_OBJC_IMPLICIT_RETAIN_SELF = YES;
				CLANG_WARN_OBJC_LITERAL_CONVERSION = YES;
				CLANG_WARN_OBJC_ROOT_CLASS = YES_ERROR;
				CLANG_WARN_RANGE_LOOP_ANALYSIS = YES;
				CLANG_WARN_STRICT_PROTOTYPES = YES;
				CLANG_WARN_SUSPICIOUS_MOVE = YES;
				CLANG_WARN_UNGUARDED_AVAILABILITY = YES_AGGRESSIVE;
				CLANG_WARN_UNREACHABLE_CODE = YES;
				CLANG_WARN__DUPLICATE_METHOD_MATCH = YES;
				COPY_PHASE_STRIP = NO;
				DEBUG_INFORMATION_FORMAT = dwarf;
				ENABLE_STRICT_OBJC_MSGSEND = YES;
				ENABLE_TESTABILITY = YES;
				GCC_C_LANGUAGE_STANDARD = gnu11;
				GCC_DYNAMIC_NO_PIC = NO;
				GCC_NO_COMMON_BLOCKS = YES;
				GCC_OPTIMIZATION_LEVEL = 0;
				GCC_PREPROCESSOR_DEFINITIONS = (
					"DEBUG=1",
					"$(inherited)",
				);
				GCC_WARN_64_TO_32_BIT_CONVERSION = YES;
				GCC_WARN_ABOUT_RETURN_TYPE = YES_ERROR;
				GCC_WARN_UNDECLARED_SELECTOR = YES;
				GCC_WARN_UNINITIALIZED_AUTOS = YES_AGGRESSIVE;
				GCC_WARN_UNUSED_FUNCTION = YES;
				GCC_WARN_UNUSED_VARIABLE = YES;
				IPHONEOS_DEPLOYMENT_TARGET = 13.2;
				MTL_ENABLE_DEBUG_INFO = INCLUDE_SOURCE;
				MTL_FAST_MATH = YES;
				ONLY_ACTIVE_ARCH = YES;
				SDKROOT = iphoneos;
				SWIFT_ACTIVE_COMPILATION_CONDITIONS = DEBUG;
				SWIFT_OPTIMIZATION_LEVEL = "-Onone";
			};
			name = Debug;
		};
		C02E1C9324331806009E95BE /* Release */ = {
			isa = XCBuildConfiguration;
			buildSettings = {
				ALWAYS_SEARCH_USER_PATHS = NO;
				CLANG_ANALYZER_NONNULL = YES;
				CLANG_ANALYZER_NUMBER_OBJECT_CONVERSION = YES_AGGRESSIVE;
				CLANG_CXX_LANGUAGE_STANDARD = "gnu++14";
				CLANG_CXX_LIBRARY = "libc++";
				CLANG_ENABLE_MODULES = YES;
				CLANG_ENABLE_OBJC_ARC = YES;
				CLANG_ENABLE_OBJC_WEAK = YES;
				CLANG_WARN_BLOCK_CAPTURE_AUTORELEASING = YES;
				CLANG_WARN_BOOL_CONVERSION = YES;
				CLANG_WARN_COMMA = YES;
				CLANG_WARN_CONSTANT_CONVERSION = YES;
				CLANG_WARN_DEPRECATED_OBJC_IMPLEMENTATIONS = YES;
				CLANG_WARN_DIRECT_OBJC_ISA_USAGE = YES_ERROR;
				CLANG_WARN_DOCUMENTATION_COMMENTS = YES;
				CLANG_WARN_EMPTY_BODY = YES;
				CLANG_WARN_ENUM_CONVERSION = YES;
				CLANG_WARN_INFINITE_RECURSION = YES;
				CLANG_WARN_INT_CONVERSION = YES;
				CLANG_WARN_NON_LITERAL_NULL_CONVERSION = YES;
				CLANG_WARN_OBJC_IMPLICIT_RETAIN_SELF = YES;
				CLANG_WARN_OBJC_LITERAL_CONVERSION = YES;
				CLANG_WARN_OBJC_ROOT_CLASS = YES_ERROR;
				CLANG_WARN_RANGE_LOOP_ANALYSIS = YES;
				CLANG_WARN_STRICT_PROTOTYPES = YES;
				CLANG_WARN_SUSPICIOUS_MOVE = YES;
				CLANG_WARN_UNGUARDED_AVAILABILITY = YES_AGGRESSIVE;
				CLANG_WARN_UNREACHABLE_CODE = YES;
				CLANG_WARN__DUPLICATE_METHOD_MATCH = YES;
				COPY_PHASE_STRIP = NO;
				DEBUG_INFORMATION_FORMAT = "dwarf-with-dsym";
				ENABLE_NS_ASSERTIONS = NO;
				ENABLE_STRICT_OBJC_MSGSEND = YES;
				GCC_C_LANGUAGE_STANDARD = gnu11;
				GCC_NO_COMMON_BLOCKS = YES;
				GCC_WARN_64_TO_32_BIT_CONVERSION = YES;
				GCC_WARN_ABOUT_RETURN_TYPE = YES_ERROR;
				GCC_WARN_UNDECLARED_SELECTOR = YES;
				GCC_WARN_UNINITIALIZED_AUTOS = YES_AGGRESSIVE;
				GCC_WARN_UNUSED_FUNCTION = YES;
				GCC_WARN_UNUSED_VARIABLE = YES;
				IPHONEOS_DEPLOYMENT_TARGET = 13.2;
				MTL_ENABLE_DEBUG_INFO = NO;
				MTL_FAST_MATH = YES;
				SDKROOT = iphoneos;
				SWIFT_COMPILATION_MODE = wholemodule;
				SWIFT_OPTIMIZATION_LEVEL = "-O";
				VALIDATE_PRODUCT = YES;
			};
			name = Release;
		};
		C02E1C9524331806009E95BE /* Debug */ = {
			isa = XCBuildConfiguration;
			buildSettings = {
				ASSETCATALOG_COMPILER_APPICON_NAME = AppIcon;
				CODE_SIGN_STYLE = Automatic;
				DEVELOPMENT_TEAM = 95TXKAQ9ZU;
				INFOPLIST_FILE = GiphySearchIOS/Info.plist;
				LD_RUNPATH_SEARCH_PATHS = (
					"$(inherited)",
					"@executable_path/Frameworks",
				);
				PRODUCT_BUNDLE_IDENTIFIER = "com.jessica-trinh.GiphySearchIOS";
				PRODUCT_NAME = "$(TARGET_NAME)";
				SWIFT_VERSION = 5.0;
				TARGETED_DEVICE_FAMILY = "1,2";
			};
			name = Debug;
		};
		C02E1C9624331806009E95BE /* Release */ = {
			isa = XCBuildConfiguration;
			buildSettings = {
				ASSETCATALOG_COMPILER_APPICON_NAME = AppIcon;
				CODE_SIGN_STYLE = Automatic;
				DEVELOPMENT_TEAM = 95TXKAQ9ZU;
				INFOPLIST_FILE = GiphySearchIOS/Info.plist;
				LD_RUNPATH_SEARCH_PATHS = (
					"$(inherited)",
					"@executable_path/Frameworks",
				);
				PRODUCT_BUNDLE_IDENTIFIER = "com.jessica-trinh.GiphySearchIOS";
				PRODUCT_NAME = "$(TARGET_NAME)";
				SWIFT_VERSION = 5.0;
				TARGETED_DEVICE_FAMILY = "1,2";
			};
			name = Release;
		};
/* End XCBuildConfiguration section */

/* Begin XCConfigurationList section */
		C02E1C7B243317FE009E95BE /* Build configuration list for PBXProject "GiphySearchIOS" */ = {
			isa = XCConfigurationList;
			buildConfigurations = (
				C02E1C9224331806009E95BE /* Debug */,
				C02E1C9324331806009E95BE /* Release */,
			);
			defaultConfigurationIsVisible = 0;
			defaultConfigurationName = Release;
		};
		C02E1C9424331806009E95BE /* Build configuration list for PBXNativeTarget "GiphySearchIOS" */ = {
			isa = XCConfigurationList;
			buildConfigurations = (
				C02E1C9524331806009E95BE /* Debug */,
				C02E1C9624331806009E95BE /* Release */,
			);
			defaultConfigurationIsVisible = 0;
			defaultConfigurationName = Release;
		};
/* End XCConfigurationList section */
	};
	rootObject = C02E1C78243317FE009E95BE /* Project object */;
}
